
Microsoft Visual Studio Solution File, Format Version 12.00
# Visual Studio Version 17
VisualStudioVersion = 17.5.002.0
MinimumVisualStudioVersion = 10.0.40219.1
Project("{9A19103F-16F7-4668-BE54-9A1E7A4F7556}") = "PwshSpectreConsole.SyntaxHighlight", "src\PwshSpectreConsole.SyntaxHighlight.csproj", "{7DB1AA34-17FB-4B1C-B5E1-F7E19608C5F4}"
EndProject
Global
	GlobalSection(SolutionConfigurationPlatforms) = preSolution
		Debug|Any CPU = Debug|Any CPU
		Release|Any CPU = Release|Any CPU
	EndGlobalSection
	GlobalSection(ProjectConfigurationPlatforms) = postSolution
		{7DB1AA34-17FB-4B1C-B5E1-F7E19608C5F4}.Debug|Any CPU.ActiveCfg = Debug|Any CPU
		{7DB1AA34-17FB-4B1C-B5E1-F7E19608C5F4}.Debug|Any CPU.Build.0 = Debug|Any CPU
		{7DB1AA34-17FB-4B1C-B5E1-F7E19608C5F4}.Release|Any CPU.ActiveCfg = Release|Any CPU
		{7DB1AA34-17FB-4B1C-B5E1-F7E19608C5F4}.Release|Any CPU.Build.0 = Release|Any CPU
	EndGlobalSection
	GlobalSection(SolutionProperties) = preSolution
		HideSolutionNode = FALSE
	EndGlobalSection
	GlobalSection(ExtensibilityGlobals) = postSolution
		SolutionGuid = {E06DE8A7-9359-41CD-923E-6201952ECDFD}
	EndGlobalSection
EndGlobal
